
Microsoft Visual Studio Solution File, Format Version 12.00
# Visual Studio Version 17
VisualStudioVersion = 17.3.32929.385
MinimumVisualStudioVersion = 10.0.40219.1
Project("{FAE04EC0-301F-11D3-BF4B-00C04F79EFBC}") = "ButterFly", "ButterFly.csproj", "{0A756F4B-2872-4376-89B2-6C4A856A5EB8}"
EndProject
Project("{FAE04EC0-301F-11D3-BF4B-00C04F79EFBC}") = "TestButterfly", "..\TestButterfly\TestButterfly.csproj", "{0944E197-C2D8-436A-A3C3-98B7D8B78908}"
EndProject
Global
	GlobalSection(SolutionConfigurationPlatforms) = preSolution
		Debug|Any CPU = Debug|Any CPU
		Release|Any CPU = Release|Any CPU
	EndGlobalSection
	GlobalSection(ProjectConfigurationPlatforms) = postSolution
		{0A756F4B-2872-4376-89B2-6C4A856A5EB8}.Debug|Any CPU.ActiveCfg = Debug|Any CPU
		{0A756F4B-2872-4376-89B2-6C4A856A5EB8}.Debug|Any CPU.Build.0 = Debug|Any CPU
		{0A756F4B-2872-4376-89B2-6C4A856A5EB8}.Release|Any CPU.ActiveCfg = Release|Any CPU
		{0A756F4B-2872-4376-89B2-6C4A856A5EB8}.Release|Any CPU.Build.0 = Release|Any CPU
		{0944E197-C2D8-436A-A3C3-98B7D8B78908}.Debug|Any CPU.ActiveCfg = Debug|Any CPU
		{0944E197-C2D8-436A-A3C3-98B7D8B78908}.Debug|Any CPU.Build.0 = Debug|Any CPU
		{0944E197-C2D8-436A-A3C3-98B7D8B78908}.Release|Any CPU.ActiveCfg = Release|Any CPU
		{0944E197-C2D8-436A-A3C3-98B7D8B78908}.Release|Any CPU.Build.0 = Release|Any CPU
	EndGlobalSection
	GlobalSection(SolutionProperties) = preSolution
		HideSolutionNode = FALSE
	EndGlobalSection
	GlobalSection(ExtensibilityGlobals) = postSolution
		SolutionGuid = {4182D023-49BF-4EEB-81EA-1B8EF7888F4D}
	EndGlobalSection
EndGlobal
